// !$*UTF8*$!
{
	archiveVersion = 1;
	classes = {
	};
	objectVersion = 50;
	objects = {

/* Begin PBXBuildFile section */
		BF0F981925D3222400EEBB0C /* AppDelegate.swift in Sources */ = {isa = PBXBuildFile; fileRef = BF0F981825D3222400EEBB0C /* AppDelegate.swift */; };
		BF0F981B25D3222400EEBB0C /* ViewController.swift in Sources */ = {isa = PBXBuildFile; fileRef = BF0F981A25D3222400EEBB0C /* ViewController.swift */; };
		BF0F981E25D3222400EEBB0C /* Main.storyboard in Resources */ = {isa = PBXBuildFile; fileRef = BF0F981C25D3222400EEBB0C /* Main.storyboard */; };
		BF0F982025D3222600EEBB0C /* Assets.xcassets in Resources */ = {isa = PBXBuildFile; fileRef = BF0F981F25D3222600EEBB0C /* Assets.xcassets */; };
		BF0F982325D3222600EEBB0C /* LaunchScreen.storyboard in Resources */ = {isa = PBXBuildFile; fileRef = BF0F982125D3222600EEBB0C /* LaunchScreen.storyboard */; };
		BF0F982E25D3222600EEBB0C /* HackwichFourTests.swift in Sources */ = {isa = PBXBuildFile; fileRef = BF0F982D25D3222600EEBB0C /* HackwichFourTests.swift */; };
		BF0F983925D3222600EEBB0C /* HackwichFourUITests.swift in Sources */ = {isa = PBXBuildFile; fileRef = BF0F983825D3222600EEBB0C /* HackwichFourUITests.swift */; };
		BF0F984725D327A100EEBB0C /* secondViewController.swift in Sources */ = {isa = PBXBuildFile; fileRef = BF0F984625D327A100EEBB0C /* secondViewController.swift */; };
		BF0F984925D3383C00EEBB0C /* thirdViewController.swift in Sources */ = {isa = PBXBuildFile; fileRef = BF0F984825D3383C00EEBB0C /* thirdViewController.swift */; };
/* End PBXBuildFile section */

/* Begin PBXContainerItemProxy section */
		BF0F982A25D3222600EEBB0C /* PBXContainerItemProxy */ = {
			isa = PBXContainerItemProxy;
			containerPortal = BF0F980D25D3222400EEBB0C /* Project object */;
			proxyType = 1;
			remoteGlobalIDString = BF0F981425D3222400EEBB0C;
			remoteInfo = HackwichFour;
		};
		BF0F983525D3222600EEBB0C /* PBXContainerItemProxy */ = {
			isa = PBXContainerItemProxy;
			containerPortal = BF0F980D25D3222400EEBB0C /* Project object */;
			proxyType = 1;
			remoteGlobalIDString = BF0F981425D3222400EEBB0C;
			remoteInfo = HackwichFour;
		};
/* End PBXContainerItemProxy section */

/* Begin PBXFileReference section */
		BF0F981525D3222400EEBB0C /* HackwichFour.app */ = {isa = PBXFileReference; explicitFileType = wrapper.application; includeInIndex = 0; path = HackwichFour.app; sourceTree = BUILT_PRODUCTS_DIR; };
		BF0F981825D3222400EEBB0C /* AppDelegate.swift */ = {isa = PBXFileReference; lastKnownFileType = sourcecode.swift; path = AppDelegate.swift; sourceTree = "<group>"; };
		BF0F981A25D3222400EEBB0C /* ViewController.swift */ = {isa = PBXFileReference; lastKnownFileType = sourcecode.swift; path = ViewController.swift; sourceTree = "<group>"; };
		BF0F981D25D3222400EEBB0C /* Base */ = {isa = PBXFileReference; lastKnownFileType = file.storyboard; name = Base; path = Base.lproj/Main.storyboard; sourceTree = "<group>"; };
		BF0F981F25D3222600EEBB0C /* Assets.xcassets */ = {isa = PBXFileReference; lastKnownFileType = folder.assetcatalog; path = Assets.xcassets; sourceTree = "<group>"; };
		BF0F982225D3222600EEBB0C /* Base */ = {isa = PBXFileReference; lastKnownFileType = file.storyboard; name = Base; path = Base.lproj/LaunchScreen.storyboard; sourceTree = "<group>"; };
		BF0F982425D3222600EEBB0C /* Info.plist */ = {isa = PBXFileReference; lastKnownFileType = text.plist.xml; path = Info.plist; sourceTree = "<group>"; };
		BF0F982925D3222600EEBB0C /* HackwichFourTests.xctest */ = {isa = PBXFileReference; explicitFileType = wrapper.cfbundle; includeInIndex = 0; path = HackwichFourTests.xctest; sourceTree = BUILT_PRODUCTS_DIR; };
		BF0F982D25D3222600EEBB0C /* HackwichFourTests.swift */ = {isa = PBXFileReference; lastKnownFileType = sourcecode.swift; path = HackwichFourTests.swift; sourceTree = "<group>"; };
		BF0F982F25D3222600EEBB0C /* Info.plist */ = {isa = PBXFileReference; lastKnownFileType = text.plist.xml; path = Info.plist; sourceTree = "<group>"; };
		BF0F983425D3222600EEBB0C /* HackwichFourUITests.xctest */ = {isa = PBXFileReference; explicitFileType = wrapper.cfbundle; includeInIndex = 0; path = HackwichFourUITests.xctest; sourceTree = BUILT_PRODUCTS_DIR; };
		BF0F983825D3222600EEBB0C /* HackwichFourUITests.swift */ = {isa = PBXFileReference; lastKnownFileType = sourcecode.swift; path = HackwichFourUITests.swift; sourceTree = "<group>"; };
		BF0F983A25D3222600EEBB0C /* Info.plist */ = {isa = PBXFileReference; lastKnownFileType = text.plist.xml; path = Info.plist; sourceTree = "<group>"; };
		BF0F984625D327A100EEBB0C /* secondViewController.swift */ = {isa = PBXFileReference; lastKnownFileType = sourcecode.swift; path = secondViewController.swift; sourceTree = "<group>"; };
		BF0F984825D3383C00EEBB0C /* thirdViewController.swift */ = {isa = PBXFileReference; lastKnownFileType = sourcecode.swift; path = thirdViewController.swift; sourceTree = "<group>"; };
/* End PBXFileReference section */

/* Begin PBXFrameworksBuildPhase section */
		BF0F981225D3222400EEBB0C /* Frameworks */ = {
			isa = PBXFrameworksBuildPhase;
			buildActionMask = 2147483647;
			files = (
			);
			runOnlyForDeploymentPostprocessing = 0;
		};
		BF0F982625D3222600EEBB0C /* Frameworks */ = {
			isa = PBXFrameworksBuildPhase;
			buildActionMask = 2147483647;
			files = (
			);
			runOnlyForDeploymentPostprocessing = 0;
		};
		BF0F983125D3222600EEBB0C /* Frameworks */ = {
			isa = PBXFrameworksBuildPhase;
			buildActionMask = 2147483647;
			files = (
			);
			runOnlyForDeploymentPostprocessing = 0;
		};
/* End PBXFrameworksBuildPhase section */

/* Begin PBXGroup section */
		BF0F980C25D3222400EEBB0C = {
			isa = PBXGroup;
			children = (
				BF0F981725D3222400EEBB0C /* HackwichFour */,
				BF0F982C25D3222600EEBB0C /* HackwichFourTests */,
				BF0F983725D3222600EEBB0C /* HackwichFourUITests */,
				BF0F981625D3222400EEBB0C /* Products */,
			);
			sourceTree = "<group>";
		};
		BF0F981625D3222400EEBB0C /* Products */ = {
			isa = PBXGroup;
			children = (
				BF0F981525D3222400EEBB0C /* HackwichFour.app */,
				BF0F982925D3222600EEBB0C /* HackwichFourTests.xctest */,
				BF0F983425D3222600EEBB0C /* HackwichFourUITests.xctest */,
			);
			name = Products;
			sourceTree = "<group>";
		};
		BF0F981725D3222400EEBB0C /* HackwichFour */ = {
			isa = PBXGroup;
			children = (
				BF0F981825D3222400EEBB0C /* AppDelegate.swift */,
				BF0F981A25D3222400EEBB0C /* ViewController.swift */,
				BF0F981C25D3222400EEBB0C /* Main.storyboard */,
				BF0F984825D3383C00EEBB0C /* thirdViewController.swift */,
				BF0F984625D327A100EEBB0C /* secondViewController.swift */,
				BF0F981F25D3222600EEBB0C /* Assets.xcassets */,
				BF0F982125D3222600EEBB0C /* LaunchScreen.storyboard */,
				BF0F982425D3222600EEBB0C /* Info.plist */,
			);
			path = HackwichFour;
			sourceTree = "<group>";
		};
		BF0F982C25D3222600EEBB0C /* HackwichFourTests */ = {
			isa = PBXGroup;
			children = (
				BF0F982D25D3222600EEBB0C /* HackwichFourTests.swift */,
				BF0F982F25D3222600EEBB0C /* Info.plist */,
			);
			path = HackwichFourTests;
			sourceTree = "<group>";
		};
		BF0F983725D3222600EEBB0C /* HackwichFourUITests */ = {
			isa = PBXGroup;
			children = (
				BF0F983825D3222600EEBB0C /* HackwichFourUITests.swift */,
				BF0F983A25D3222600EEBB0C /* Info.plist */,
			);
			path = HackwichFourUITests;
			sourceTree = "<group>";
		};
/* End PBXGroup section */

/* Begin PBXNativeTarget section */
		BF0F981425D3222400EEBB0C /* HackwichFour */ = {
			isa = PBXNativeTarget;
			buildConfigurationList = BF0F983D25D3222600EEBB0C /* Build configuration list for PBXNativeTarget "HackwichFour" */;
			buildPhases = (
				BF0F981125D3222400EEBB0C /* Sources */,
				BF0F981225D3222400EEBB0C /* Frameworks */,
				BF0F981325D3222400EEBB0C /* Resources */,
			);
			buildRules = (
			);
			dependencies = (
			);
			name = HackwichFour;
			productName = HackwichFour;
			productReference = BF0F981525D3222400EEBB0C /* HackwichFour.app */;
			productType = "com.apple.product-type.application";
		};
		BF0F982825D3222600EEBB0C /* HackwichFourTests */ = {
			isa = PBXNativeTarget;
			buildConfigurationList = BF0F984025D3222600EEBB0C /* Build configuration list for PBXNativeTarget "HackwichFourTests" */;
			buildPhases = (
				BF0F982525D3222600EEBB0C /* Sources */,
				BF0F982625D3222600EEBB0C /* Frameworks */,
				BF0F982725D3222600EEBB0C /* Resources */,
			);
			buildRules = (
			);
			dependencies = (
				BF0F982B25D3222600EEBB0C /* PBXTargetDependency */,
			);
			name = HackwichFourTests;
			productName = HackwichFourTests;
			productReference = BF0F982925D3222600EEBB0C /* HackwichFourTests.xctest */;
			productType = "com.apple.product-type.bundle.unit-test";
		};
		BF0F983325D3222600EEBB0C /* HackwichFourUITests */ = {
			isa = PBXNativeTarget;
			buildConfigurationList = BF0F984325D3222600EEBB0C /* Build configuration list for PBXNativeTarget "HackwichFourUITests" */;
			buildPhases = (
				BF0F983025D3222600EEBB0C /* Sources */,
				BF0F983125D3222600EEBB0C /* Frameworks */,
				BF0F983225D3222600EEBB0C /* Resources */,
			);
			buildRules = (
			);
			dependencies = (
				BF0F983625D3222600EEBB0C /* PBXTargetDependency */,
			);
			name = HackwichFourUITests;
			productName = HackwichFourUITests;
			productReference = BF0F983425D3222600EEBB0C /* HackwichFourUITests.xctest */;
			productType = "com.apple.product-type.bundle.ui-testing";
		};
/* End PBXNativeTarget section */

/* Begin PBXProject section */
		BF0F980D25D3222400EEBB0C /* Project object */ = {
			isa = PBXProject;
			attributes = {
				LastSwiftUpdateCheck = 1010;
				LastUpgradeCheck = 1010;
				ORGANIZATIONNAME = "Randy Bermudez";
				TargetAttributes = {
					BF0F981425D3222400EEBB0C = {
						CreatedOnToolsVersion = 10.1;
					};
					BF0F982825D3222600EEBB0C = {
						CreatedOnToolsVersion = 10.1;
						TestTargetID = BF0F981425D3222400EEBB0C;
					};
					BF0F983325D3222600EEBB0C = {
						CreatedOnToolsVersion = 10.1;
						TestTargetID = BF0F981425D3222400EEBB0C;
					};
				};
			};
			buildConfigurationList = BF0F981025D3222400EEBB0C /* Build configuration list for PBXProject "HackwichFour" */;
			compatibilityVersion = "Xcode 9.3";
			developmentRegion = en;
			hasScannedForEncodings = 0;
			knownRegions = (
				en,
				Base,
			);
			mainGroup = BF0F980C25D3222400EEBB0C;
			productRefGroup = BF0F981625D3222400EEBB0C /* Products */;
			projectDirPath = "";
			projectRoot = "";
			targets = (
				BF0F981425D3222400EEBB0C /* HackwichFour */,
				BF0F982825D3222600EEBB0C /* HackwichFourTests */,
				BF0F983325D3222600EEBB0C /* HackwichFourUITests */,
			);
		};
/* End PBXProject section */

/* Begin PBXResourcesBuildPhase section */
		BF0F981325D3222400EEBB0C /* Resources */ = {
			isa = PBXResourcesBuildPhase;
			buildActionMask = 2147483647;
			files = (
				BF0F982325D3222600EEBB0C /* LaunchScreen.storyboard in Resources */,
				BF0F982025D3222600EEBB0C /* Assets.xcassets in Resources */,
				BF0F981E25D3222400EEBB0C /* Main.storyboard in Resources */,
			);
			runOnlyForDeploymentPostprocessing = 0;
		};
		BF0F982725D3222600EEBB0C /* Resources */ = {
			isa = PBXResourcesBuildPhase;
			buildActionMask = 2147483647;
			files = (
			);
			runOnlyForDeploymentPostprocessing = 0;
		};
		BF0F983225D3222600EEBB0C /* Resources */ = {
			isa = PBXResourcesBuildPhase;
			buildActionMask = 2147483647;
			files = (
			);
			runOnlyForDeploymentPostprocessing = 0;
		};
/* End PBXResourcesBuildPhase section */

/* Begin PBXSourcesBuildPhase section */
		BF0F981125D3222400EEBB0C /* Sources */ = {
			isa = PBXSourcesBuildPhase;
			buildActionMask = 2147483647;
			files = (
				BF0F981B25D3222400EEBB0C /* ViewController.swift in Sources */,
				BF0F984725D327A100EEBB0C /* secondViewController.swift in Sources */,
				BF0F984925D3383C00EEBB0C /* thirdViewController.swift in Sources */,
				BF0F981925D3222400EEBB0C /* AppDelegate.swift in Sources */,
			);
			runOnlyForDeploymentPostprocessing = 0;
		};
		BF0F982525D3222600EEBB0C /* Sources */ = {
			isa = PBXSourcesBuildPhase;
			buildActionMask = 2147483647;
			files = (
				BF0F982E25D3222600EEBB0C /* HackwichFourTests.swift in Sources */,
			);
			runOnlyForDeploymentPostprocessing = 0;
		};
		BF0F983025D3222600EEBB0C /* Sources */ = {
			isa = PBXSourcesBuildPhase;
			buildActionMask = 2147483647;
			files = (
				BF0F983925D3222600EEBB0C /* HackwichFourUITests.swift in Sources */,
			);
			runOnlyForDeploymentPostprocessing = 0;
		};
/* End PBXSourcesBuildPhase section */

/* Begin PBXTargetDependency section */
		BF0F982B25D3222600EEBB0C /* PBXTargetDependency */ = {
			isa = PBXTargetDependency;
			target = BF0F981425D3222400EEBB0C /* HackwichFour */;
			targetProxy = BF0F982A25D3222600EEBB0C /* PBXContainerItemProxy */;
		};
		BF0F983625D3222600EEBB0C /* PBXTargetDependency */ = {
			isa = PBXTargetDependency;
			target = BF0F981425D3222400EEBB0C /* HackwichFour */;
			targetProxy = BF0F983525D3222600EEBB0C /* PBXContainerItemProxy */;
		};
/* End PBXTargetDependency section */

/* Begin PBXVariantGroup section */
		BF0F981C25D3222400EEBB0C /* Main.storyboard */ = {
			isa = PBXVariantGroup;
			children = (
				BF0F981D25D3222400EEBB0C /* Base */,
			);
			name = Main.storyboard;
			sourceTree = "<group>";
		};
		BF0F982125D3222600EEBB0C /* LaunchScreen.storyboard */ = {
			isa = PBXVariantGroup;
			children = (
				BF0F982225D3222600EEBB0C /* Base */,
			);
			name = LaunchScreen.storyboard;
			sourceTree = "<group>";
		};
/* End PBXVariantGroup section */

/* Begin XCBuildConfiguration section */
		BF0F983B25D3222600EEBB0C /* Debug */ = {
			isa = XCBuildConfiguration;
			buildSettings = {
				ALWAYS_SEARCH_USER_PATHS = NO;
				CLANG_ANALYZER_NONNULL = YES;
				CLANG_ANALYZER_NUMBER_OBJECT_CONVERSION = YES_AGGRESSIVE;
				CLANG_CXX_LANGUAGE_STANDARD = "gnu++14";
				CLANG_CXX_LIBRARY = "libc++";
				CLANG_ENABLE_MODULES = YES;
				CLANG_ENABLE_OBJC_ARC = YES;
				CLANG_ENABLE_OBJC_WEAK = YES;
				CLANG_WARN_BLOCK_CAPTURE_AUTORELEASING = YES;
				CLANG_WARN_BOOL_CONVERSION = YES;
				CLANG_WARN_COMMA = YES;
				CLANG_WARN_CONSTANT_CONVERSION = YES;
				CLANG_WARN_DEPRECATED_OBJC_IMPLEMENTATIONS = YES;
				CLANG_WARN_DIRECT_OBJC_ISA_USAGE = YES_ERROR;
				CLANG_WARN_DOCUMENTATION_COMMENTS = YES;
				CLANG_WARN_EMPTY_BODY = YES;
				CLANG_WARN_ENUM_CONVERSION = YES;
				CLANG_WARN_INFINITE_RECURSION = YES;
				CLANG_WARN_INT_CONVERSION = YES;
				CLANG_WARN_NON_LITERAL_NULL_CONVERSION = YES;
				CLANG_WARN_OBJC_IMPLICIT_RETAIN_SELF = YES;
				CLANG_WARN_OBJC_LITERAL_CONVERSION = YES;
				CLANG_WARN_OBJC_ROOT_CLASS = YES_ERROR;
				CLANG_WARN_RANGE_LOOP_ANALYSIS = YES;
				CLANG_WARN_STRICT_PROTOTYPES = YES;
				CLANG_WARN_SUSPICIOUS_MOVE = YES;
				CLANG_WARN_UNGUARDED_AVAILABILITY = YES_AGGRESSIVE;
				CLANG_WARN_UNREACHABLE_CODE = YES;
				CLANG_WARN__DUPLICATE_METHOD_MATCH = YES;
				CODE_SIGN_IDENTITY = "iPhone Developer";
				COPY_PHASE_STRIP = NO;
				DEBUG_INFORMATION_FORMAT = dwarf;
				ENABLE_STRICT_OBJC_MSGSEND = YES;
				ENABLE_TESTABILITY = YES;
				GCC_C_LANGUAGE_STANDARD = gnu11;
				GCC_DYNAMIC_NO_PIC = NO;
				GCC_NO_COMMON_BLOCKS = YES;
				GCC_OPTIMIZATION_LEVEL = 0;
				GCC_PREPROCESSOR_DEFINITIONS = (
					"DEBUG=1",
					"$(inherited)",
				);
				GCC_WARN_64_TO_32_BIT_CONVERSION = YES;
				GCC_WARN_ABOUT_RETURN_TYPE = YES_ERROR;
				GCC_WARN_UNDECLARED_SELECTOR = YES;
				GCC_WARN_UNINITIALIZED_AUTOS = YES_AGGRESSIVE;
				GCC_WARN_UNUSED_FUNCTION = YES;
				GCC_WARN_UNUSED_VARIABLE = YES;
				IPHONEOS_DEPLOYMENT_TARGET = 12.1;
				MTL_ENABLE_DEBUG_INFO = INCLUDE_SOURCE;
				MTL_FAST_MATH = YES;
				ONLY_ACTIVE_ARCH = YES;
				SDKROOT = iphoneos;
				SWIFT_ACTIVE_COMPILATION_CONDITIONS = DEBUG;
				SWIFT_OPTIMIZATION_LEVEL = "-Onone";
			};
			name = Debug;
		};
		BF0F983C25D3222600EEBB0C /* Release */ = {
			isa = XCBuildConfiguration;
			buildSettings = {
				ALWAYS_SEARCH_USER_PATHS = NO;
				CLANG_ANALYZER_NONNULL = YES;
				CLANG_ANALYZER_NUMBER_OBJECT_CONVERSION = YES_AGGRESSIVE;
				CLANG_CXX_LANGUAGE_STANDARD = "gnu++14";
				CLANG_CXX_LIBRARY = "libc++";
				CLANG_ENABLE_MODULES = YES;
				CLANG_ENABLE_OBJC_ARC = YES;
				CLANG_ENABLE_OBJC_WEAK = YES;
				CLANG_WARN_BLOCK_CAPTURE_AUTORELEASING = YES;
				CLANG_WARN_BOOL_CONVERSION = YES;
				CLANG_WARN_COMMA = YES;
				CLANG_WARN_CONSTANT_CONVERSION = YES;
				CLANG_WARN_DEPRECATED_OBJC_IMPLEMENTATIONS = YES;
				CLANG_WARN_DIRECT_OBJC_ISA_USAGE = YES_ERROR;
				CLANG_WARN_DOCUMENTATION_COMMENTS = YES;
				CLANG_WARN_EMPTY_BODY = YES;
				CLANG_WARN_ENUM_CONVERSION = YES;
				CLANG_WARN_INFINITE_RECURSION = YES;
				CLANG_WARN_INT_CONVERSION = YES;
				CLANG_WARN_NON_LITERAL_NULL_CONVERSION = YES;
				CLANG_WARN_OBJC_IMPLICIT_RETAIN_SELF = YES;
				CLANG_WARN_OBJC_LITERAL_CONVERSION = YES;
				CLANG_WARN_OBJC_ROOT_CLASS = YES_ERROR;
				CLANG_WARN_RANGE_LOOP_ANALYSIS = YES;
				CLANG_WARN_STRICT_PROTOTYPES = YES;
				CLANG_WARN_SUSPICIOUS_MOVE = YES;
				CLANG_WARN_UNGUARDED_AVAILABILITY = YES_AGGRESSIVE;
				CLANG_WARN_UNREACHABLE_CODE = YES;
				CLANG_WARN__DUPLICATE_METHOD_MATCH = YES;
				CODE_SIGN_IDENTITY = "iPhone Developer";
				COPY_PHASE_STRIP = NO;
				DEBUG_INFORMATION_FORMAT = "dwarf-with-dsym";
				ENABLE_NS_ASSERTIONS = NO;
				ENABLE_STRICT_OBJC_MSGSEND = YES;
				GCC_C_LANGUAGE_STANDARD = gnu11;
				GCC_NO_COMMON_BLOCKS = YES;
				GCC_WARN_64_TO_32_BIT_CONVERSION = YES;
				GCC_WARN_ABOUT_RETURN_TYPE = YES_ERROR;
				GCC_WARN_UNDECLARED_SELECTOR = YES;
				GCC_WARN_UNINITIALIZED_AUTOS = YES_AGGRESSIVE;
				GCC_WARN_UNUSED_FUNCTION = YES;
				GCC_WARN_UNUSED_VARIABLE = YES;
				IPHONEOS_DEPLOYMENT_TARGET = 12.1;
				MTL_ENABLE_DEBUG_INFO = NO;
				MTL_FAST_MATH = YES;
				SDKROOT = iphoneos;
				SWIFT_COMPILATION_MODE = wholemodule;
				SWIFT_OPTIMIZATION_LEVEL = "-O";
				VALIDATE_PRODUCT = YES;
			};
			name = Release;
		};
		BF0F983E25D3222600EEBB0C /* Debug */ = {
			isa = XCBuildConfiguration;
			buildSettings = {
				ASSETCATALOG_COMPILER_APPICON_NAME = AppIcon;
				CODE_SIGN_STYLE = Automatic;
				INFOPLIST_FILE = HackwichFour/Info.plist;
				LD_RUNPATH_SEARCH_PATHS = (
					"$(inherited)",
					"@executable_path/Frameworks",
				);
				PRODUCT_BUNDLE_IDENTIFIER = uhwo.HackwichFour;
				PRODUCT_NAME = "$(TARGET_NAME)";
				SWIFT_VERSION = 4.2;
				TARGETED_DEVICE_FAMILY = "1,2";
			};
			name = Debug;
		};
		BF0F983F25D3222600EEBB0C /* Release */ = {
			isa = XCBuildConfiguration;
			buildSettings = {
				ASSETCATALOG_COMPILER_APPICON_NAME = AppIcon;
				CODE_SIGN_STYLE = Automatic;
				INFOPLIST_FILE = HackwichFour/Info.plist;
				LD_RUNPATH_SEARCH_PATHS = (
					"$(inherited)",
					"@executable_path/Frameworks",
				);
				PRODUCT_BUNDLE_IDENTIFIER = uhwo.HackwichFour;
				PRODUCT_NAME = "$(TARGET_NAME)";
				SWIFT_VERSION = 4.2;
				TARGETED_DEVICE_FAMILY = "1,2";
			};
			name = Release;
		};
		BF0F984125D3222600EEBB0C /* Debug */ = {
			isa = XCBuildConfiguration;
			buildSettings = {
				ALWAYS_EMBED_SWIFT_STANDARD_LIBRARIES = YES;
				BUNDLE_LOADER = "$(TEST_HOST)";
				CODE_SIGN_STYLE = Automatic;
				INFOPLIST_FILE = HackwichFourTests/Info.plist;
				LD_RUNPATH_SEARCH_PATHS = (
					"$(inherited)",
					"@executable_path/Frameworks",
					"@loader_path/Frameworks",
				);
				PRODUCT_BUNDLE_IDENTIFIER = uhwo.HackwichFourTests;
				PRODUCT_NAME = "$(TARGET_NAME)";
				SWIFT_VERSION = 4.2;
				TARGETED_DEVICE_FAMILY = "1,2";
				TEST_HOST = "$(BUILT_PRODUCTS_DIR)/HackwichFour.app/HackwichFour";
			};
			name = Debug;
		};
		BF0F984225D3222600EEBB0C /* Release */ = {
			isa = XCBuildConfiguration;
			buildSettings = {
				ALWAYS_EMBED_SWIFT_STANDARD_LIBRARIES = YES;
				BUNDLE_LOADER = "$(TEST_HOST)";
				CODE_SIGN_STYLE = Automatic;
				INFOPLIST_FILE = HackwichFourTests/Info.plist;
				LD_RUNPATH_SEARCH_PATHS = (
					"$(inherited)",
					"@executable_path/Frameworks",
					"@loader_path/Frameworks",
				);
				PRODUCT_BUNDLE_IDENTIFIER = uhwo.HackwichFourTests;
				PRODUCT_NAME = "$(TARGET_NAME)";
				SWIFT_VERSION = 4.2;
				TARGETED_DEVICE_FAMILY = "1,2";
				TEST_HOST = "$(BUILT_PRODUCTS_DIR)/HackwichFour.app/HackwichFour";
			};
			name = Release;
		};
		BF0F984425D3222600EEBB0C /* Debug */ = {
			isa = XCBuildConfiguration;
			buildSettings = {
				ALWAYS_EMBED_SWIFT_STANDARD_LIBRARIES = YES;
				CODE_SIGN_STYLE = Automatic;
				INFOPLIST_FILE = HackwichFourUITests/Info.plist;
				LD_RUNPATH_SEARCH_PATHS = (
					"$(inherited)",
					"@executable_path/Frameworks",
					"@loader_path/Frameworks",
				);
				PRODUCT_BUNDLE_IDENTIFIER = uhwo.HackwichFourUITests;
				PRODUCT_NAME = "$(TARGET_NAME)";
				SWIFT_VERSION = 4.2;
				TARGETED_DEVICE_FAMILY = "1,2";
				TEST_TARGET_NAME = HackwichFour;
			};
			name = Debug;
		};
		BF0F984525D3222600EEBB0C /* Release */ = {
			isa = XCBuildConfiguration;
			buildSettings = {
				ALWAYS_EMBED_SWIFT_STANDARD_LIBRARIES = YES;
				CODE_SIGN_STYLE = Automatic;
				INFOPLIST_FILE = HackwichFourUITests/Info.plist;
				LD_RUNPATH_SEARCH_PATHS = (
					"$(inherited)",
					"@executable_path/Frameworks",
					"@loader_path/Frameworks",
				);
				PRODUCT_BUNDLE_IDENTIFIER = uhwo.HackwichFourUITests;
				PRODUCT_NAME = "$(TARGET_NAME)";
				SWIFT_VERSION = 4.2;
				TARGETED_DEVICE_FAMILY = "1,2";
				TEST_TARGET_NAME = HackwichFour;
			};
			name = Release;
		};
/* End XCBuildConfiguration section */

/* Begin XCConfigurationList section */
		BF0F981025D3222400EEBB0C /* Build configuration list for PBXProject "HackwichFour" */ = {
			isa = XCConfigurationList;
			buildConfigurations = (
				BF0F983B25D3222600EEBB0C /* Debug */,
				BF0F983C25D3222600EEBB0C /* Release */,
			);
			defaultConfigurationIsVisible = 0;
			defaultConfigurationName = Release;
		};
		BF0F983D25D3222600EEBB0C /* Build configuration list for PBXNativeTarget "HackwichFour" */ = {
			isa = XCConfigurationList;
			buildConfigurations = (
				BF0F983E25D3222600EEBB0C /* Debug */,
				BF0F983F25D3222600EEBB0C /* Release */,
			);
			defaultConfigurationIsVisible = 0;
			defaultConfigurationName = Release;
		};
		BF0F984025D3222600EEBB0C /* Build configuration list for PBXNativeTarget "HackwichFourTests" */ = {
			isa = XCConfigurationList;
			buildConfigurations = (
				BF0F984125D3222600EEBB0C /* Debug */,
				BF0F984225D3222600EEBB0C /* Release */,
			);
			defaultConfigurationIsVisible = 0;
			defaultConfigurationName = Release;
		};
		BF0F984325D3222600EEBB0C /* Build configuration list for PBXNativeTarget "HackwichFourUITests" */ = {
			isa = XCConfigurationList;
			buildConfigurations = (
				BF0F984425D3222600EEBB0C /* Debug */,
				BF0F984525D3222600EEBB0C /* Release */,
			);
			defaultConfigurationIsVisible = 0;
			defaultConfigurationName = Release;
		};
/* End XCConfigurationList section */
	};
	rootObject = BF0F980D25D3222400EEBB0C /* Project object */;
}
